<?xml version="1.0" encoding="UTF-8"?>
<Solution>
	<Configurations>
		<BuildType Name="Debug"/>
		<BuildType Name="Release"/>
		<BuildType Name="MinSizeRel"/>
		<BuildType Name="RelWithDebInfo"/>
		<Platform Name="x64"/>
	</Configurations>
	<Project Path="ALL_BUILD.vcxproj" Type="8bc9ceb8-8b4a-11d0-8d11-00a0c91bc942" Id="a92177a6-ebe7-30b3-81c0-341cd4bd8f52" DefaultStartup="true">
		<BuildDependency Project="Sand.vcxproj"/>
		<BuildDependency Project="ZERO_CHECK.vcxproj"/>
		<Build Solution="Debug|*" Project="false"/>
		<Build Solution="Release|*" Project="false"/>
		<Build Solution="MinSizeRel|*" Project="false"/>
		<Build Solution="RelWithDebInfo|*" Project="false"/>
	</Project>
	<Project Path="Sand.vcxproj" Type="8bc9ceb8-8b4a-11d0-8d11-00a0c91bc942" Id="3c5ae1d2-22ac-3755-8913-15752379ffc7">
		<BuildDependency Project="ZERO_CHECK.vcxproj"/>
		<BuildDependency Project="sand_shaders.vcxproj"/>
	</Project>
	<Project Path="ZERO_CHECK.vcxproj" Type="8bc9ceb8-8b4a-11d0-8d11-00a0c91bc942" Id="d4eb6c8f-3786-3824-bacf-4d0b38897635"/>
	<Project Path="sand_shaders.vcxproj" Type="8bc9ceb8-8b4a-11d0-8d11-00a0c91bc942" Id="d45ecc24-5ef7-3de1-8f08-79bfd2fb248e">
		<BuildDependency Project="ZERO_CHECK.vcxproj"/>
	</Project>
</Solution>
