<?xml version="1.0" encoding="utf-8"?>
<Project ToolsVersion="18.0" xmlns="http://schemas.microsoft.com/developer/msbuild/2003">
  <ItemGroup>
    <CustomBuild Include="C:\Users\Andre\source\repos\Sand\build-vs\CMakeFiles\bac51ff419602228d5d8019b4175db39\falling_sand.spv.rule">
      <Filter>CMake Rules</Filter>
    </CustomBuild>
    <CustomBuild Include="C:\Users\Andre\source\repos\Sand\build-vs\CMakeFiles\bac51ff419602228d5d8019b4175db39\raymarch.frag.spv.rule">
      <Filter>CMake Rules</Filter>
    </CustomBuild>
    <CustomBuild Include="C:\Users\Andre\source\repos\Sand\build-vs\CMakeFiles\bac51ff419602228d5d8019b4175db39\screen.vert.spv.rule">
      <Filter>CMake Rules</Filter>
    </CustomBuild>
    <CustomBuild Include="C:\Users\Andre\source\repos\Sand\build-vs\CMakeFiles\5879217451c6ace70b9cab67981e121e\sand_shaders.rule">
      <Filter>CMake Rules</Filter>
    </CustomBuild>
    <CustomBuild Include="C:\Users\Andre\source\repos\Sand\CMakeLists.txt" />
  </ItemGroup>
  <ItemGroup>
    <None Include="C:\Users\Andre\source\repos\Sand\build-vs\CMakeFiles\sand_shaders" />
  </ItemGroup>
  <ItemGroup>
    <Filter Include="CMake Rules">
      <UniqueIdentifier>{16D74DD1-88E5-375A-8180-53F032562834}</UniqueIdentifier>
    </Filter>
  </ItemGroup>
</Project>
