<?xml version="1.0" encoding="utf-8"?>
<Project ToolsVersion="4.0" xmlns="http://schemas.microsoft.com/developer/msbuild/2003">
  <ItemGroup>
    <Filter Include="src">
      <UniqueIdentifier>{49d8c167-56a0-4e98-8870-3aacc1498f5a}</UniqueIdentifier>
    </Filter>
    <Filter Include="shaders">
      <UniqueIdentifier>{96fc0f85-9109-4985-acfc-24d6ad8f4af5}</UniqueIdentifier>
    </Filter>
    <Filter Include="include">
      <UniqueIdentifier>{8b75eab2-a075-4a66-b932-24fc782128f9}</UniqueIdentifier>
    </Filter>
    <Filter Include="imgui">
      <UniqueIdentifier>{490f46bd-175f-49a8-9f82-6a4e2df8d13b}</UniqueIdentifier>
    </Filter>
  </ItemGroup>
  <ItemGroup>
    <ClCompile Include="src\VulkanRenderer.cpp">
      <Filter>src</Filter>
    </ClCompile>
    <ClCompile Include="src\main.cpp">
      <Filter>src</Filter>
    </ClCompile>
    <ClCompile Include="src\Window.cpp">
      <Filter>src</Filter>
    </ClCompile>
    <ClCompile Include="src\VulkanContext.cpp">
      <Filter>src</Filter>
    </ClCompile>
    <ClCompile Include="src\VulkanSwapchain.cpp">
      <Filter>src</Filter>
    </ClCompile>
    <ClCompile Include="src\VulkanPipeline.cpp">
      <Filter>src</Filter>
    </ClCompile>
    <ClCompile Include="src\VulkanBuffer.cpp">
      <Filter>src</Filter>
    </ClCompile>
    <ClCompile Include="vendor\imgui\imgui_widgets.cpp">
      <Filter>imgui</Filter>
    </ClCompile>
    <ClCompile Include="vendor\imgui\imgui.cpp">
      <Filter>imgui</Filter>
    </ClCompile>
    <ClCompile Include="vendor\imgui\imgui_draw.cpp">
      <Filter>imgui</Filter>
    </ClCompile>
    <ClCompile Include="vendor\imgui\backends\imgui_impl_glfw.cpp">
      <Filter>imgui</Filter>
    </ClCompile>
    <ClCompile Include="vendor\imgui\backends\imgui_impl_vulkan.cpp">
      <Filter>imgui</Filter>
    </ClCompile>
    <ClCompile Include="vendor\imgui\imgui_tables.cpp">
      <Filter>imgui</Filter>
    </ClCompile>
    <ClCompile Include="include\Config.hpp">
      <Filter>include</Filter>
    </ClCompile>
    <ClCompile Include="src\Config.cpp">
      <Filter>src</Filter>
    </ClCompile>
  </ItemGroup>
  <ItemGroup>
    <ClInclude Include="include\VulkanRenderer.hpp">
      <Filter>include</Filter>
    </ClInclude>
    <ClInclude Include="include\Particle.hpp">
      <Filter>include</Filter>
    </ClInclude>
    <ClInclude Include="include\Window.hpp">
      <Filter>include</Filter>
    </ClInclude>
    <ClInclude Include="include\VulkanSwapchain.hpp">
      <Filter>include</Filter>
    </ClInclude>
    <ClInclude Include="include\VulkanPipeline.hpp">
      <Filter>include</Filter>
    </ClInclude>
    <ClInclude Include="include\VulkanBuffer.hpp">
      <Filter>include</Filter>
    </ClInclude>
    <ClInclude Include="include\VulkanContext.hpp">
      <Filter>include</Filter>
    </ClInclude>
    <ClInclude Include="include\UIManager.hpp">
      <Filter>include</Filter>
    </ClInclude>
  </ItemGroup>
  <ItemGroup>
    <Text Include="shaders\config.txt">
      <Filter>shaders</Filter>
    </Text>
  </ItemGroup>
</Project>